
Microsoft Visual Studio Solution File, Format Version 12.00
# Visual Studio 14
VisualStudioVersion = 14.0.25123.0
MinimumVisualStudioVersion = 10.0.40219.1
Project("{FAE04EC0-301F-11D3-BF4B-00C04F79EFBC}") = "IPV_assignment1", "IPV_assignment1\IPV_assignment1.csproj", "{41D39DC7-4034-4A9A-9FBE-DCE78CDAA0EF}"
EndProject
Project("{FAE04EC0-301F-11D3-BF4B-00C04F79EFBC}") = "IPV_assignment2", "IPV_assignment2\IPV_assignment2.csproj", "{58674D7B-B04C-4440-AC9C-F6984F882CA4}"
EndProject
Project("{FAE04EC0-301F-11D3-BF4B-00C04F79EFBC}") = "IPV_assignment2b", "IPV_assignment2b\IPV_assignment2b.csproj", "{BBB09972-65BF-434C-BD4B-CC2DE4192E15}"
EndProject
Global
	GlobalSection(SolutionConfigurationPlatforms) = preSolution
		Debug|Any CPU = Debug|Any CPU
		Release|Any CPU = Release|Any CPU
	EndGlobalSection
	GlobalSection(ProjectConfigurationPlatforms) = postSolution
		{41D39DC7-4034-4A9A-9FBE-DCE78CDAA0EF}.Debug|Any CPU.ActiveCfg = Debug|Any CPU
		{41D39DC7-4034-4A9A-9FBE-DCE78CDAA0EF}.Debug|Any CPU.Build.0 = Debug|Any CPU
		{41D39DC7-4034-4A9A-9FBE-DCE78CDAA0EF}.Release|Any CPU.ActiveCfg = Release|Any CPU
		{41D39DC7-4034-4A9A-9FBE-DCE78CDAA0EF}.Release|Any CPU.Build.0 = Release|Any CPU
		{58674D7B-B04C-4440-AC9C-F6984F882CA4}.Debug|Any CPU.ActiveCfg = Debug|Any CPU
		{58674D7B-B04C-4440-AC9C-F6984F882CA4}.Debug|Any CPU.Build.0 = Debug|Any CPU
		{58674D7B-B04C-4440-AC9C-F6984F882CA4}.Release|Any CPU.ActiveCfg = Release|Any CPU
		{58674D7B-B04C-4440-AC9C-F6984F882CA4}.Release|Any CPU.Build.0 = Release|Any CPU
		{BBB09972-65BF-434C-BD4B-CC2DE4192E15}.Debug|Any CPU.ActiveCfg = Debug|Any CPU
		{BBB09972-65BF-434C-BD4B-CC2DE4192E15}.Debug|Any CPU.Build.0 = Debug|Any CPU
		{BBB09972-65BF-434C-BD4B-CC2DE4192E15}.Release|Any CPU.ActiveCfg = Release|Any CPU
		{BBB09972-65BF-434C-BD4B-CC2DE4192E15}.Release|Any CPU.Build.0 = Release|Any CPU
	EndGlobalSection
	GlobalSection(SolutionProperties) = preSolution
		HideSolutionNode = FALSE
	EndGlobalSection
EndGlobal
